
Microsoft Visual Studio Solution File, Format Version 12.00
# Visual Studio Version 17
VisualStudioVersion = 17.7.34031.279
MinimumVisualStudioVersion = 10.0.40219.1
Project("{8BC9CEB8-8B4A-11D0-8D11-00A0C91BC942}") = "ring-test-bezout-int", "ring-test-bezout-int\ring-test-bezout-int.vcxproj", "{25658FF1-6DE7-4E95-9EEE-6346B5B44A1C}"
EndProject
Project("{8BC9CEB8-8B4A-11D0-8D11-00A0C91BC942}") = "sklib", "..\SKLib\sklib.vcxproj", "{6BE23730-EBAD-47FF-A798-93F782F5DE8E}"
EndProject
Project("{8BC9CEB8-8B4A-11D0-8D11-00A0C91BC942}") = "ring-test-int65", "ring-test-int65\ring-test-int65.vcxproj", "{BFC15BB8-386F-4281-92E7-9081BA12B6C8}"
EndProject
Project("{8BC9CEB8-8B4A-11D0-8D11-00A0C91BC942}") = "ring-test-ediv-int", "ring-test-ediv-int\ring-test-ediv-int.vcxproj", "{772F4D1E-C036-4FAC-AB24-911565C642C0}"
EndProject
Project("{8BC9CEB8-8B4A-11D0-8D11-00A0C91BC942}") = "random-test-range", "random-test-range\random-test-range.vcxproj", "{955BFED4-5E7D-4811-BA58-9612DACCFCAC}"
EndProject
Project("{8BC9CEB8-8B4A-11D0-8D11-00A0C91BC942}") = "ring-test-int-extension", "ring-test-int-extension\ring-test-int-extension.vcxproj", "{87C56340-2A22-4623-931C-0C335E610A1C}"
EndProject
Project("{8BC9CEB8-8B4A-11D0-8D11-00A0C91BC942}") = "mod-test-int-reciprocal", "mod-test-int-reciprocal\mod-test-int-reciprocal.vcxproj", "{535164F0-C869-43F1-A133-7956936BCF4C}"
EndProject
Global
	GlobalSection(SolutionConfigurationPlatforms) = preSolution
		Debug|x64 = Debug|x64
		Debug|x86 = Debug|x86
		Release|x64 = Release|x64
		Release|x86 = Release|x86
	EndGlobalSection
	GlobalSection(ProjectConfigurationPlatforms) = postSolution
		{25658FF1-6DE7-4E95-9EEE-6346B5B44A1C}.Debug|x64.ActiveCfg = Debug|x64
		{25658FF1-6DE7-4E95-9EEE-6346B5B44A1C}.Debug|x64.Build.0 = Debug|x64
		{25658FF1-6DE7-4E95-9EEE-6346B5B44A1C}.Debug|x86.ActiveCfg = Debug|Win32
		{25658FF1-6DE7-4E95-9EEE-6346B5B44A1C}.Debug|x86.Build.0 = Debug|Win32
		{25658FF1-6DE7-4E95-9EEE-6346B5B44A1C}.Release|x64.ActiveCfg = Release|x64
		{25658FF1-6DE7-4E95-9EEE-6346B5B44A1C}.Release|x64.Build.0 = Release|x64
		{25658FF1-6DE7-4E95-9EEE-6346B5B44A1C}.Release|x86.ActiveCfg = Release|Win32
		{25658FF1-6DE7-4E95-9EEE-6346B5B44A1C}.Release|x86.Build.0 = Release|Win32
		{6BE23730-EBAD-47FF-A798-93F782F5DE8E}.Debug|x64.ActiveCfg = Debug|x64
		{6BE23730-EBAD-47FF-A798-93F782F5DE8E}.Debug|x64.Build.0 = Debug|x64
		{6BE23730-EBAD-47FF-A798-93F782F5DE8E}.Debug|x86.ActiveCfg = Debug|Win32
		{6BE23730-EBAD-47FF-A798-93F782F5DE8E}.Debug|x86.Build.0 = Debug|Win32
		{6BE23730-EBAD-47FF-A798-93F782F5DE8E}.Release|x64.ActiveCfg = Release|x64
		{6BE23730-EBAD-47FF-A798-93F782F5DE8E}.Release|x64.Build.0 = Release|x64
		{6BE23730-EBAD-47FF-A798-93F782F5DE8E}.Release|x86.ActiveCfg = Release|Win32
		{6BE23730-EBAD-47FF-A798-93F782F5DE8E}.Release|x86.Build.0 = Release|Win32
		{BFC15BB8-386F-4281-92E7-9081BA12B6C8}.Debug|x64.ActiveCfg = Debug|x64
		{BFC15BB8-386F-4281-92E7-9081BA12B6C8}.Debug|x64.Build.0 = Debug|x64
		{BFC15BB8-386F-4281-92E7-9081BA12B6C8}.Debug|x86.ActiveCfg = Debug|Win32
		{BFC15BB8-386F-4281-92E7-9081BA12B6C8}.Debug|x86.Build.0 = Debug|Win32
		{BFC15BB8-386F-4281-92E7-9081BA12B6C8}.Release|x64.ActiveCfg = Release|x64
		{BFC15BB8-386F-4281-92E7-9081BA12B6C8}.Release|x64.Build.0 = Release|x64
		{BFC15BB8-386F-4281-92E7-9081BA12B6C8}.Release|x86.ActiveCfg = Release|Win32
		{BFC15BB8-386F-4281-92E7-9081BA12B6C8}.Release|x86.Build.0 = Release|Win32
		{772F4D1E-C036-4FAC-AB24-911565C642C0}.Debug|x64.ActiveCfg = Debug|x64
		{772F4D1E-C036-4FAC-AB24-911565C642C0}.Debug|x64.Build.0 = Debug|x64
		{772F4D1E-C036-4FAC-AB24-911565C642C0}.Debug|x86.ActiveCfg = Debug|Win32
		{772F4D1E-C036-4FAC-AB24-911565C642C0}.Debug|x86.Build.0 = Debug|Win32
		{772F4D1E-C036-4FAC-AB24-911565C642C0}.Release|x64.ActiveCfg = Release|x64
		{772F4D1E-C036-4FAC-AB24-911565C642C0}.Release|x64.Build.0 = Release|x64
		{772F4D1E-C036-4FAC-AB24-911565C642C0}.Release|x86.ActiveCfg = Release|Win32
		{772F4D1E-C036-4FAC-AB24-911565C642C0}.Release|x86.Build.0 = Release|Win32
		{955BFED4-5E7D-4811-BA58-9612DACCFCAC}.Debug|x64.ActiveCfg = Debug|x64
		{955BFED4-5E7D-4811-BA58-9612DACCFCAC}.Debug|x64.Build.0 = Debug|x64
		{955BFED4-5E7D-4811-BA58-9612DACCFCAC}.Debug|x86.ActiveCfg = Debug|Win32
		{955BFED4-5E7D-4811-BA58-9612DACCFCAC}.Debug|x86.Build.0 = Debug|Win32
		{955BFED4-5E7D-4811-BA58-9612DACCFCAC}.Release|x64.ActiveCfg = Release|x64
		{955BFED4-5E7D-4811-BA58-9612DACCFCAC}.Release|x64.Build.0 = Release|x64
		{955BFED4-5E7D-4811-BA58-9612DACCFCAC}.Release|x86.ActiveCfg = Release|Win32
		{955BFED4-5E7D-4811-BA58-9612DACCFCAC}.Release|x86.Build.0 = Release|Win32
		{87C56340-2A22-4623-931C-0C335E610A1C}.Debug|x64.ActiveCfg = Debug|x64
		{87C56340-2A22-4623-931C-0C335E610A1C}.Debug|x64.Build.0 = Debug|x64
		{87C56340-2A22-4623-931C-0C335E610A1C}.Debug|x86.ActiveCfg = Debug|Win32
		{87C56340-2A22-4623-931C-0C335E610A1C}.Debug|x86.Build.0 = Debug|Win32
		{87C56340-2A22-4623-931C-0C335E610A1C}.Release|x64.ActiveCfg = Release|x64
		{87C56340-2A22-4623-931C-0C335E610A1C}.Release|x64.Build.0 = Release|x64
		{87C56340-2A22-4623-931C-0C335E610A1C}.Release|x86.ActiveCfg = Release|Win32
		{87C56340-2A22-4623-931C-0C335E610A1C}.Release|x86.Build.0 = Release|Win32
		{535164F0-C869-43F1-A133-7956936BCF4C}.Debug|x64.ActiveCfg = Debug|x64
		{535164F0-C869-43F1-A133-7956936BCF4C}.Debug|x64.Build.0 = Debug|x64
		{535164F0-C869-43F1-A133-7956936BCF4C}.Debug|x86.ActiveCfg = Debug|Win32
		{535164F0-C869-43F1-A133-7956936BCF4C}.Debug|x86.Build.0 = Debug|Win32
		{535164F0-C869-43F1-A133-7956936BCF4C}.Release|x64.ActiveCfg = Release|x64
		{535164F0-C869-43F1-A133-7956936BCF4C}.Release|x64.Build.0 = Release|x64
		{535164F0-C869-43F1-A133-7956936BCF4C}.Release|x86.ActiveCfg = Release|Win32
		{535164F0-C869-43F1-A133-7956936BCF4C}.Release|x86.Build.0 = Release|Win32
	EndGlobalSection
	GlobalSection(SolutionProperties) = preSolution
		HideSolutionNode = FALSE
	EndGlobalSection
	GlobalSection(ExtensibilityGlobals) = postSolution
		SolutionGuid = {AE465995-F720-4DF2-8280-AACC00AE7D9F}
	EndGlobalSection
EndGlobal
